
Microsoft Visual Studio Solution File, Format Version 12.00
# Visual Studio Version 17
VisualStudioVersion = 17.4.33403.182
MinimumVisualStudioVersion = 10.0.40219.1
Project("{9A19103F-16F7-4668-BE54-9A1E7A4F7556}") = "Proyecto_Moises_VictorB", "Proyecto_Moises_VictorB\Proyecto_Moises_VictorB.csproj", "{F89E0957-E086-47C5-94B6-F6F8489DCCD6}"
EndProject
Global
	GlobalSection(SolutionConfigurationPlatforms) = preSolution
		Debug|Any CPU = Debug|Any CPU
		Release|Any CPU = Release|Any CPU
	EndGlobalSection
	GlobalSection(ProjectConfigurationPlatforms) = postSolution
		{F89E0957-E086-47C5-94B6-F6F8489DCCD6}.Debug|Any CPU.ActiveCfg = Debug|Any CPU
		{F89E0957-E086-47C5-94B6-F6F8489DCCD6}.Debug|Any CPU.Build.0 = Debug|Any CPU
		{F89E0957-E086-47C5-94B6-F6F8489DCCD6}.Release|Any CPU.ActiveCfg = Release|Any CPU
		{F89E0957-E086-47C5-94B6-F6F8489DCCD6}.Release|Any CPU.Build.0 = Release|Any CPU
	EndGlobalSection
	GlobalSection(SolutionProperties) = preSolution
		HideSolutionNode = FALSE
	EndGlobalSection
	GlobalSection(ExtensibilityGlobals) = postSolution
		SolutionGuid = {2D5EA3FF-10B4-4B09-B7F7-D27C6FD81BFB}
	EndGlobalSection
EndGlobal
